
Microsoft Visual Studio Solution File, Format Version 12.00
# Visual Studio Version 16
VisualStudioVersion = 16.0.30204.135
MinimumVisualStudioVersion = 10.0.40219.1
Project("{9A19103F-16F7-4668-BE54-9A1E7A4F7556}") = "EFCoreMigration", "..\EFCoreMigration\EFCoreMigration.csproj", "{52CF75E8-B7F0-4E75-9782-D5924CFF4015}"
EndProject
Project("{FAE04EC0-301F-11D3-BF4B-00C04F79EFBC}") = "WebApplication1", "WebApplication1\WebApplication1.csproj", "{5A65F8C9-67EE-40E5-BF31-AF835096B804}"
EndProject
Global
	GlobalSection(SolutionConfigurationPlatforms) = preSolution
		Debug|Any CPU = Debug|Any CPU
		Release|Any CPU = Release|Any CPU
	EndGlobalSection
	GlobalSection(ProjectConfigurationPlatforms) = postSolution
		{52CF75E8-B7F0-4E75-9782-D5924CFF4015}.Debug|Any CPU.ActiveCfg = Debug|Any CPU
		{52CF75E8-B7F0-4E75-9782-D5924CFF4015}.Debug|Any CPU.Build.0 = Debug|Any CPU
		{52CF75E8-B7F0-4E75-9782-D5924CFF4015}.Release|Any CPU.ActiveCfg = Release|Any CPU
		{52CF75E8-B7F0-4E75-9782-D5924CFF4015}.Release|Any CPU.Build.0 = Release|Any CPU
		{5A65F8C9-67EE-40E5-BF31-AF835096B804}.Debug|Any CPU.ActiveCfg = Debug|Any CPU
		{5A65F8C9-67EE-40E5-BF31-AF835096B804}.Debug|Any CPU.Build.0 = Debug|Any CPU
		{5A65F8C9-67EE-40E5-BF31-AF835096B804}.Release|Any CPU.ActiveCfg = Release|Any CPU
		{5A65F8C9-67EE-40E5-BF31-AF835096B804}.Release|Any CPU.Build.0 = Release|Any CPU
	EndGlobalSection
	GlobalSection(SolutionProperties) = preSolution
		HideSolutionNode = FALSE
	EndGlobalSection
	GlobalSection(ExtensibilityGlobals) = postSolution
		SolutionGuid = {22FA01CC-64D1-441A-9F26-5301AC86BA67}
	EndGlobalSection
EndGlobal
